// !$*UTF8*$!
{
	archiveVersion = 1;
	classes = {
	};
	objectVersion = 46;
	objects = {

/* Begin PBXBuildFile section */
		4DBC22335790FE59021F81CD /* libPods-scrollView.a in Frameworks */ = {isa = PBXBuildFile; fileRef = 49CC4E9D73C48B93CCDC8406 /* libPods-scrollView.a */; };
		A27AAAA91C28F97E00A9CD81 /* main.m in Sources */ = {isa = PBXBuildFile; fileRef = A27AAAA81C28F97E00A9CD81 /* main.m */; };
		A27AAAAC1C28F97E00A9CD81 /* AppDelegate.m in Sources */ = {isa = PBXBuildFile; fileRef = A27AAAAB1C28F97E00A9CD81 /* AppDelegate.m */; };
		A27AAAAF1C28F97E00A9CD81 /* ViewController.m in Sources */ = {isa = PBXBuildFile; fileRef = A27AAAAE1C28F97E00A9CD81 /* ViewController.m */; };
		A27AAAB21C28F97E00A9CD81 /* Main.storyboard in Resources */ = {isa = PBXBuildFile; fileRef = A27AAAB01C28F97E00A9CD81 /* Main.storyboard */; };
		A27AAAB41C28F97E00A9CD81 /* Assets.xcassets in Resources */ = {isa = PBXBuildFile; fileRef = A27AAAB31C28F97E00A9CD81 /* Assets.xcassets */; };
		A27AAAB71C28F97E00A9CD81 /* LaunchScreen.storyboard in Resources */ = {isa = PBXBuildFile; fileRef = A27AAAB51C28F97E00A9CD81 /* LaunchScreen.storyboard */; };
		A27AAAC51C29277700A9CD81 /* 1.jpg in Resources */ = {isa = PBXBuildFile; fileRef = A27AAABE1C29277700A9CD81 /* 1.jpg */; };
		A27AAAC61C29277700A9CD81 /* 2.jpg in Resources */ = {isa = PBXBuildFile; fileRef = A27AAABF1C29277700A9CD81 /* 2.jpg */; };
		A27AAAC71C29277700A9CD81 /* 3.jpg in Resources */ = {isa = PBXBuildFile; fileRef = A27AAAC01C29277700A9CD81 /* 3.jpg */; };
		A27AAAC81C29277700A9CD81 /* 4.jpg in Resources */ = {isa = PBXBuildFile; fileRef = A27AAAC11C29277700A9CD81 /* 4.jpg */; };
		A27AAAC91C29277700A9CD81 /* 5.jpg in Resources */ = {isa = PBXBuildFile; fileRef = A27AAAC21C29277700A9CD81 /* 5.jpg */; };
		A27AAACA1C29277700A9CD81 /* 6.jpg in Resources */ = {isa = PBXBuildFile; fileRef = A27AAAC31C29277700A9CD81 /* 6.jpg */; };
		A27AAACB1C29277700A9CD81 /* 7.jpg in Resources */ = {isa = PBXBuildFile; fileRef = A27AAAC41C29277700A9CD81 /* 7.jpg */; };
		A27AAACE1C29394D00A9CD81 /* YSCircleRollView.m in Sources */ = {isa = PBXBuildFile; fileRef = A27AAACD1C29394D00A9CD81 /* YSCircleRollView.m */; };
		A27AAAD11C293A4400A9CD81 /* YSCircleImageView.m in Sources */ = {isa = PBXBuildFile; fileRef = A27AAAD01C293A4400A9CD81 /* YSCircleImageView.m */; };
		A27AAAD41C293BD100A9CD81 /* YSCircleImageData.m in Sources */ = {isa = PBXBuildFile; fileRef = A27AAAD31C293BD100A9CD81 /* YSCircleImageData.m */; };
		A27AAAD71C294AD100A9CD81 /* YSNewController.m in Sources */ = {isa = PBXBuildFile; fileRef = A27AAAD61C294AD100A9CD81 /* YSNewController.m */; };
/* End PBXBuildFile section */

/* Begin PBXFileReference section */
		481BF9E14ACE5FF817A3DC82 /* Pods-scrollView.debug.xcconfig */ = {isa = PBXFileReference; includeInIndex = 1; lastKnownFileType = text.xcconfig; name = "Pods-scrollView.debug.xcconfig"; path = "Pods/Target Support Files/Pods-scrollView/Pods-scrollView.debug.xcconfig"; sourceTree = "<group>"; };
		49CC4E9D73C48B93CCDC8406 /* libPods-scrollView.a */ = {isa = PBXFileReference; explicitFileType = archive.ar; includeInIndex = 0; path = "libPods-scrollView.a"; sourceTree = BUILT_PRODUCTS_DIR; };
		A27AAAA41C28F97E00A9CD81 /* scrollView.app */ = {isa = PBXFileReference; explicitFileType = wrapper.application; includeInIndex = 0; path = scrollView.app; sourceTree = BUILT_PRODUCTS_DIR; };
		A27AAAA81C28F97E00A9CD81 /* main.m */ = {isa = PBXFileReference; lastKnownFileType = sourcecode.c.objc; path = main.m; sourceTree = "<group>"; };
		A27AAAAA1C28F97E00A9CD81 /* AppDelegate.h */ = {isa = PBXFileReference; lastKnownFileType = sourcecode.c.h; path = AppDelegate.h; sourceTree = "<group>"; };
		A27AAAAB1C28F97E00A9CD81 /* AppDelegate.m */ = {isa = PBXFileReference; lastKnownFileType = sourcecode.c.objc; path = AppDelegate.m; sourceTree = "<group>"; };
		A27AAAAD1C28F97E00A9CD81 /* ViewController.h */ = {isa = PBXFileReference; lastKnownFileType = sourcecode.c.h; path = ViewController.h; sourceTree = "<group>"; };
		A27AAAAE1C28F97E00A9CD81 /* ViewController.m */ = {isa = PBXFileReference; lastKnownFileType = sourcecode.c.objc; path = ViewController.m; sourceTree = "<group>"; };
		A27AAAB11C28F97E00A9CD81 /* Base */ = {isa = PBXFileReference; lastKnownFileType = file.storyboard; name = Base; path = Base.lproj/Main.storyboard; sourceTree = "<group>"; };
		A27AAAB31C28F97E00A9CD81 /* Assets.xcassets */ = {isa = PBXFileReference; lastKnownFileType = folder.assetcatalog; path = Assets.xcassets; sourceTree = "<group>"; };
		A27AAAB61C28F97E00A9CD81 /* Base */ = {isa = PBXFileReference; lastKnownFileType = file.storyboard; name = Base; path = Base.lproj/LaunchScreen.storyboard; sourceTree = "<group>"; };
		A27AAAB81C28F97E00A9CD81 /* Info.plist */ = {isa = PBXFileReference; lastKnownFileType = text.plist.xml; path = Info.plist; sourceTree = "<group>"; };
		A27AAABE1C29277700A9CD81 /* 1.jpg */ = {isa = PBXFileReference; lastKnownFileType = image.jpeg; path = 1.jpg; sourceTree = "<group>"; };
		A27AAABF1C29277700A9CD81 /* 2.jpg */ = {isa = PBXFileReference; lastKnownFileType = image.jpeg; path = 2.jpg; sourceTree = "<group>"; };
		A27AAAC01C29277700A9CD81 /* 3.jpg */ = {isa = PBXFileReference; lastKnownFileType = image.jpeg; path = 3.jpg; sourceTree = "<group>"; };
		A27AAAC11C29277700A9CD81 /* 4.jpg */ = {isa = PBXFileReference; lastKnownFileType = image.jpeg; path = 4.jpg; sourceTree = "<group>"; };
		A27AAAC21C29277700A9CD81 /* 5.jpg */ = {isa = PBXFileReference; lastKnownFileType = image.jpeg; path = 5.jpg; sourceTree = "<group>"; };
		A27AAAC31C29277700A9CD81 /* 6.jpg */ = {isa = PBXFileReference; lastKnownFileType = image.jpeg; path = 6.jpg; sourceTree = "<group>"; };
		A27AAAC41C29277700A9CD81 /* 7.jpg */ = {isa = PBXFileReference; lastKnownFileType = image.jpeg; path = 7.jpg; sourceTree = "<group>"; };
		A27AAACC1C29394D00A9CD81 /* YSCircleRollView.h */ = {isa = PBXFileReference; fileEncoding = 4; lastKnownFileType = sourcecode.c.h; path = YSCircleRollView.h; sourceTree = "<group>"; };
		A27AAACD1C29394D00A9CD81 /* YSCircleRollView.m */ = {isa = PBXFileReference; fileEncoding = 4; lastKnownFileType = sourcecode.c.objc; path = YSCircleRollView.m; sourceTree = "<group>"; };
		A27AAACF1C293A4400A9CD81 /* YSCircleImageView.h */ = {isa = PBXFileReference; fileEncoding = 4; lastKnownFileType = sourcecode.c.h; path = YSCircleImageView.h; sourceTree = "<group>"; };
		A27AAAD01C293A4400A9CD81 /* YSCircleImageView.m */ = {isa = PBXFileReference; fileEncoding = 4; lastKnownFileType = sourcecode.c.objc; path = YSCircleImageView.m; sourceTree = "<group>"; };
		A27AAAD21C293BD100A9CD81 /* YSCircleImageData.h */ = {isa = PBXFileReference; fileEncoding = 4; lastKnownFileType = sourcecode.c.h; path = YSCircleImageData.h; sourceTree = "<group>"; };
		A27AAAD31C293BD100A9CD81 /* YSCircleImageData.m */ = {isa = PBXFileReference; fileEncoding = 4; lastKnownFileType = sourcecode.c.objc; path = YSCircleImageData.m; sourceTree = "<group>"; };
		A27AAAD51C294AD100A9CD81 /* YSNewController.h */ = {isa = PBXFileReference; fileEncoding = 4; lastKnownFileType = sourcecode.c.h; path = YSNewController.h; sourceTree = "<group>"; };
		A27AAAD61C294AD100A9CD81 /* YSNewController.m */ = {isa = PBXFileReference; fileEncoding = 4; lastKnownFileType = sourcecode.c.objc; path = YSNewController.m; sourceTree = "<group>"; };
		A4D0E76AC8A51D5E9025E8BD /* Pods-scrollView.release.xcconfig */ = {isa = PBXFileReference; includeInIndex = 1; lastKnownFileType = text.xcconfig; name = "Pods-scrollView.release.xcconfig"; path = "Pods/Target Support Files/Pods-scrollView/Pods-scrollView.release.xcconfig"; sourceTree = "<group>"; };
/* End PBXFileReference section */

/* Begin PBXFrameworksBuildPhase section */
		A27AAAA11C28F97E00A9CD81 /* Frameworks */ = {
			isa = PBXFrameworksBuildPhase;
			buildActionMask = 2147483647;
			files = (
				4DBC22335790FE59021F81CD /* libPods-scrollView.a in Frameworks */,
			);
			runOnlyForDeploymentPostprocessing = 0;
		};
/* End PBXFrameworksBuildPhase section */

/* Begin PBXGroup section */
		A27AAA9B1C28F97E00A9CD81 = {
			isa = PBXGroup;
			children = (
				A27AAAA61C28F97E00A9CD81 /* scrollView */,
				A27AAAA51C28F97E00A9CD81 /* Products */,
				E24B09415937DFE84F9A1A27 /* Pods */,
				D80BC2B41791F8E86B4CC421 /* Frameworks */,
			);
			sourceTree = "<group>";
		};
		A27AAAA51C28F97E00A9CD81 /* Products */ = {
			isa = PBXGroup;
			children = (
				A27AAAA41C28F97E00A9CD81 /* scrollView.app */,
			);
			name = Products;
			sourceTree = "<group>";
		};
		A27AAAA61C28F97E00A9CD81 /* scrollView */ = {
			isa = PBXGroup;
			children = (
				A27AAAD91C2954AF00A9CD81 /* Image */,
				A27AAAD81C2953AF00A9CD81 /* Scroll */,
				A27AAAAA1C28F97E00A9CD81 /* AppDelegate.h */,
				A27AAAAB1C28F97E00A9CD81 /* AppDelegate.m */,
				A27AAAAD1C28F97E00A9CD81 /* ViewController.h */,
				A27AAAAE1C28F97E00A9CD81 /* ViewController.m */,
				A27AAAD51C294AD100A9CD81 /* YSNewController.h */,
				A27AAAD61C294AD100A9CD81 /* YSNewController.m */,
				A27AAAB01C28F97E00A9CD81 /* Main.storyboard */,
				A27AAAB31C28F97E00A9CD81 /* Assets.xcassets */,
				A27AAAB51C28F97E00A9CD81 /* LaunchScreen.storyboard */,
				A27AAAB81C28F97E00A9CD81 /* Info.plist */,
				A27AAAA71C28F97E00A9CD81 /* Supporting Files */,
			);
			path = scrollView;
			sourceTree = "<group>";
		};
		A27AAAA71C28F97E00A9CD81 /* Supporting Files */ = {
			isa = PBXGroup;
			children = (
				A27AAAA81C28F97E00A9CD81 /* main.m */,
			);
			name = "Supporting Files";
			sourceTree = "<group>";
		};
		A27AAAD81C2953AF00A9CD81 /* Scroll */ = {
			isa = PBXGroup;
			children = (
				A27AAACC1C29394D00A9CD81 /* YSCircleRollView.h */,
				A27AAACD1C29394D00A9CD81 /* YSCircleRollView.m */,
				A27AAACF1C293A4400A9CD81 /* YSCircleImageView.h */,
				A27AAAD01C293A4400A9CD81 /* YSCircleImageView.m */,
				A27AAAD21C293BD100A9CD81 /* YSCircleImageData.h */,
				A27AAAD31C293BD100A9CD81 /* YSCircleImageData.m */,
			);
			name = Scroll;
			sourceTree = "<group>";
		};
		A27AAAD91C2954AF00A9CD81 /* Image */ = {
			isa = PBXGroup;
			children = (
				A27AAABE1C29277700A9CD81 /* 1.jpg */,
				A27AAABF1C29277700A9CD81 /* 2.jpg */,
				A27AAAC01C29277700A9CD81 /* 3.jpg */,
				A27AAAC11C29277700A9CD81 /* 4.jpg */,
				A27AAAC21C29277700A9CD81 /* 5.jpg */,
				A27AAAC31C29277700A9CD81 /* 6.jpg */,
				A27AAAC41C29277700A9CD81 /* 7.jpg */,
			);
			name = Image;
			sourceTree = "<group>";
		};
		D80BC2B41791F8E86B4CC421 /* Frameworks */ = {
			isa = PBXGroup;
			children = (
				49CC4E9D73C48B93CCDC8406 /* libPods-scrollView.a */,
			);
			name = Frameworks;
			sourceTree = "<group>";
		};
		E24B09415937DFE84F9A1A27 /* Pods */ = {
			isa = PBXGroup;
			children = (
				481BF9E14ACE5FF817A3DC82 /* Pods-scrollView.debug.xcconfig */,
				A4D0E76AC8A51D5E9025E8BD /* Pods-scrollView.release.xcconfig */,
			);
			name = Pods;
			sourceTree = "<group>";
		};
/* End PBXGroup section */

/* Begin PBXNativeTarget section */
		A27AAAA31C28F97E00A9CD81 /* scrollView */ = {
			isa = PBXNativeTarget;
			buildConfigurationList = A27AAABB1C28F97E00A9CD81 /* Build configuration list for PBXNativeTarget "scrollView" */;
			buildPhases = (
				537EC58E685139401B75197A /* Check Pods Manifest.lock */,
				A27AAAA01C28F97E00A9CD81 /* Sources */,
				A27AAAA11C28F97E00A9CD81 /* Frameworks */,
				A27AAAA21C28F97E00A9CD81 /* Resources */,
				32556B4F194758B1DD796AA2 /* Embed Pods Frameworks */,
				550EA26A3F4F2D1E60D5FE4D /* Copy Pods Resources */,
			);
			buildRules = (
			);
			dependencies = (
			);
			name = scrollView;
			productName = scrollView;
			productReference = A27AAAA41C28F97E00A9CD81 /* scrollView.app */;
			productType = "com.apple.product-type.application";
		};
/* End PBXNativeTarget section */

/* Begin PBXProject section */
		A27AAA9C1C28F97E00A9CD81 /* Project object */ = {
			isa = PBXProject;
			attributes = {
				LastUpgradeCheck = 0720;
				ORGANIZATIONNAME = YS;
				TargetAttributes = {
					A27AAAA31C28F97E00A9CD81 = {
						CreatedOnToolsVersion = 7.2;
					};
				};
			};
			buildConfigurationList = A27AAA9F1C28F97E00A9CD81 /* Build configuration list for PBXProject "scrollView" */;
			compatibilityVersion = "Xcode 3.2";
			developmentRegion = English;
			hasScannedForEncodings = 0;
			knownRegions = (
				en,
				Base,
			);
			mainGroup = A27AAA9B1C28F97E00A9CD81;
			productRefGroup = A27AAAA51C28F97E00A9CD81 /* Products */;
			projectDirPath = "";
			projectRoot = "";
			targets = (
				A27AAAA31C28F97E00A9CD81 /* scrollView */,
			);
		};
/* End PBXProject section */

/* Begin PBXResourcesBuildPhase section */
		A27AAAA21C28F97E00A9CD81 /* Resources */ = {
			isa = PBXResourcesBuildPhase;
			buildActionMask = 2147483647;
			files = (
				A27AAACA1C29277700A9CD81 /* 6.jpg in Resources */,
				A27AAAB71C28F97E00A9CD81 /* LaunchScreen.storyboard in Resources */,
				A27AAAC91C29277700A9CD81 /* 5.jpg in Resources */,
				A27AAAC81C29277700A9CD81 /* 4.jpg in Resources */,
				A27AAAC51C29277700A9CD81 /* 1.jpg in Resources */,
				A27AAAC61C29277700A9CD81 /* 2.jpg in Resources */,
				A27AAAC71C29277700A9CD81 /* 3.jpg in Resources */,
				A27AAACB1C29277700A9CD81 /* 7.jpg in Resources */,
				A27AAAB41C28F97E00A9CD81 /* Assets.xcassets in Resources */,
				A27AAAB21C28F97E00A9CD81 /* Main.storyboard in Resources */,
			);
			runOnlyForDeploymentPostprocessing = 0;
		};
/* End PBXResourcesBuildPhase section */

/* Begin PBXShellScriptBuildPhase section */
		32556B4F194758B1DD796AA2 /* Embed Pods Frameworks */ = {
			isa = PBXShellScriptBuildPhase;
			buildActionMask = 2147483647;
			files = (
			);
			inputPaths = (
			);
			name = "Embed Pods Frameworks";
			outputPaths = (
			);
			runOnlyForDeploymentPostprocessing = 0;
			shellPath = /bin/sh;
			shellScript = "\"${SRCROOT}/Pods/Target Support Files/Pods-scrollView/Pods-scrollView-frameworks.sh\"\n";
			showEnvVarsInLog = 0;
		};
		537EC58E685139401B75197A /* Check Pods Manifest.lock */ = {
			isa = PBXShellScriptBuildPhase;
			buildActionMask = 2147483647;
			files = (
			);
			inputPaths = (
			);
			name = "Check Pods Manifest.lock";
			outputPaths = (
			);
			runOnlyForDeploymentPostprocessing = 0;
			shellPath = /bin/sh;
			shellScript = "diff \"${PODS_ROOT}/../Podfile.lock\" \"${PODS_ROOT}/Manifest.lock\" > /dev/null\nif [[ $? != 0 ]] ; then\n    cat << EOM\nerror: The sandbox is not in sync with the Podfile.lock. Run 'pod install' or update your CocoaPods installation.\nEOM\n    exit 1\nfi\n";
			showEnvVarsInLog = 0;
		};
		550EA26A3F4F2D1E60D5FE4D /* Copy Pods Resources */ = {
			isa = PBXShellScriptBuildPhase;
			buildActionMask = 2147483647;
			files = (
			);
			inputPaths = (
			);
			name = "Copy Pods Resources";
			outputPaths = (
			);
			runOnlyForDeploymentPostprocessing = 0;
			shellPath = /bin/sh;
			shellScript = "\"${SRCROOT}/Pods/Target Support Files/Pods-scrollView/Pods-scrollView-resources.sh\"\n";
			showEnvVarsInLog = 0;
		};
/* End PBXShellScriptBuildPhase section */

/* Begin PBXSourcesBuildPhase section */
		A27AAAA01C28F97E00A9CD81 /* Sources */ = {
			isa = PBXSourcesBuildPhase;
			buildActionMask = 2147483647;
			files = (
				A27AAAAF1C28F97E00A9CD81 /* ViewController.m in Sources */,
				A27AAAD41C293BD100A9CD81 /* YSCircleImageData.m in Sources */,
				A27AAAAC1C28F97E00A9CD81 /* AppDelegate.m in Sources */,
				A27AAAA91C28F97E00A9CD81 /* main.m in Sources */,
				A27AAAD71C294AD100A9CD81 /* YSNewController.m in Sources */,
				A27AAACE1C29394D00A9CD81 /* YSCircleRollView.m in Sources */,
				A27AAAD11C293A4400A9CD81 /* YSCircleImageView.m in Sources */,
			);
			runOnlyForDeploymentPostprocessing = 0;
		};
/* End PBXSourcesBuildPhase section */

/* Begin PBXVariantGroup section */
		A27AAAB01C28F97E00A9CD81 /* Main.storyboard */ = {
			isa = PBXVariantGroup;
			children = (
				A27AAAB11C28F97E00A9CD81 /* Base */,
			);
			name = Main.storyboard;
			sourceTree = "<group>";
		};
		A27AAAB51C28F97E00A9CD81 /* LaunchScreen.storyboard */ = {
			isa = PBXVariantGroup;
			children = (
				A27AAAB61C28F97E00A9CD81 /* Base */,
			);
			name = LaunchScreen.storyboard;
			sourceTree = "<group>";
		};
/* End PBXVariantGroup section */

/* Begin XCBuildConfiguration section */
		A27AAAB91C28F97E00A9CD81 /* Debug */ = {
			isa = XCBuildConfiguration;
			buildSettings = {
				ALWAYS_SEARCH_USER_PATHS = NO;
				CLANG_CXX_LANGUAGE_STANDARD = "gnu++0x";
				CLANG_CXX_LIBRARY = "libc++";
				CLANG_ENABLE_MODULES = YES;
				CLANG_ENABLE_OBJC_ARC = YES;
				CLANG_WARN_BOOL_CONVERSION = YES;
				CLANG_WARN_CONSTANT_CONVERSION = YES;
				CLANG_WARN_DIRECT_OBJC_ISA_USAGE = YES_ERROR;
				CLANG_WARN_EMPTY_BODY = YES;
				CLANG_WARN_ENUM_CONVERSION = YES;
				CLANG_WARN_INT_CONVERSION = YES;
				CLANG_WARN_OBJC_ROOT_CLASS = YES_ERROR;
				CLANG_WARN_UNREACHABLE_CODE = YES;
				CLANG_WARN__DUPLICATE_METHOD_MATCH = YES;
				"CODE_SIGN_IDENTITY[sdk=iphoneos*]" = "iPhone Developer";
				COPY_PHASE_STRIP = NO;
				DEBUG_INFORMATION_FORMAT = dwarf;
				ENABLE_STRICT_OBJC_MSGSEND = YES;
				ENABLE_TESTABILITY = YES;
				GCC_C_LANGUAGE_STANDARD = gnu99;
				GCC_DYNAMIC_NO_PIC = NO;
				GCC_NO_COMMON_BLOCKS = YES;
				GCC_OPTIMIZATION_LEVEL = 0;
				GCC_PREPROCESSOR_DEFINITIONS = (
					"DEBUG=1",
					"$(inherited)",
				);
				GCC_WARN_64_TO_32_BIT_CONVERSION = YES;
				GCC_WARN_ABOUT_RETURN_TYPE = YES_ERROR;
				GCC_WARN_UNDECLARED_SELECTOR = YES;
				GCC_WARN_UNINITIALIZED_AUTOS = YES_AGGRESSIVE;
				GCC_WARN_UNUSED_FUNCTION = YES;
				GCC_WARN_UNUSED_VARIABLE = YES;
				IPHONEOS_DEPLOYMENT_TARGET = 9.2;
				MTL_ENABLE_DEBUG_INFO = YES;
				ONLY_ACTIVE_ARCH = YES;
				SDKROOT = iphoneos;
			};
			name = Debug;
		};
		A27AAABA1C28F97E00A9CD81 /* Release */ = {
			isa = XCBuildConfiguration;
			buildSettings = {
				ALWAYS_SEARCH_USER_PATHS = NO;
				CLANG_CXX_LANGUAGE_STANDARD = "gnu++0x";
				CLANG_CXX_LIBRARY = "libc++";
				CLANG_ENABLE_MODULES = YES;
				CLANG_ENABLE_OBJC_ARC = YES;
				CLANG_WARN_BOOL_CONVERSION = YES;
				CLANG_WARN_CONSTANT_CONVERSION = YES;
				CLANG_WARN_DIRECT_OBJC_ISA_USAGE = YES_ERROR;
				CLANG_WARN_EMPTY_BODY = YES;
				CLANG_WARN_ENUM_CONVERSION = YES;
				CLANG_WARN_INT_CONVERSION = YES;
				CLANG_WARN_OBJC_ROOT_CLASS = YES_ERROR;
				CLANG_WARN_UNREACHABLE_CODE = YES;
				CLANG_WARN__DUPLICATE_METHOD_MATCH = YES;
				"CODE_SIGN_IDENTITY[sdk=iphoneos*]" = "iPhone Developer";
				COPY_PHASE_STRIP = NO;
				DEBUG_INFORMATION_FORMAT = "dwarf-with-dsym";
				ENABLE_NS_ASSERTIONS = NO;
				ENABLE_STRICT_OBJC_MSGSEND = YES;
				GCC_C_LANGUAGE_STANDARD = gnu99;
				GCC_NO_COMMON_BLOCKS = YES;
				GCC_WARN_64_TO_32_BIT_CONVERSION = YES;
				GCC_WARN_ABOUT_RETURN_TYPE = YES_ERROR;
				GCC_WARN_UNDECLARED_SELECTOR = YES;
				GCC_WARN_UNINITIALIZED_AUTOS = YES_AGGRESSIVE;
				GCC_WARN_UNUSED_FUNCTION = YES;
				GCC_WARN_UNUSED_VARIABLE = YES;
				IPHONEOS_DEPLOYMENT_TARGET = 9.2;
				MTL_ENABLE_DEBUG_INFO = NO;
				SDKROOT = iphoneos;
				VALIDATE_PRODUCT = YES;
			};
			name = Release;
		};
		A27AAABC1C28F97E00A9CD81 /* Debug */ = {
			isa = XCBuildConfiguration;
			baseConfigurationReference = 481BF9E14ACE5FF817A3DC82 /* Pods-scrollView.debug.xcconfig */;
			buildSettings = {
				ASSETCATALOG_COMPILER_APPICON_NAME = AppIcon;
				INFOPLIST_FILE = scrollView/Info.plist;
				IPHONEOS_DEPLOYMENT_TARGET = 7.0;
				LD_RUNPATH_SEARCH_PATHS = "$(inherited) @executable_path/Frameworks";
				PRODUCT_BUNDLE_IDENTIFIER = com.koudai.scrollView;
				PRODUCT_NAME = "$(TARGET_NAME)";
			};
			name = Debug;
		};
		A27AAABD1C28F97E00A9CD81 /* Release */ = {
			isa = XCBuildConfiguration;
			baseConfigurationReference = A4D0E76AC8A51D5E9025E8BD /* Pods-scrollView.release.xcconfig */;
			buildSettings = {
				ASSETCATALOG_COMPILER_APPICON_NAME = AppIcon;
				INFOPLIST_FILE = scrollView/Info.plist;
				IPHONEOS_DEPLOYMENT_TARGET = 7.0;
				LD_RUNPATH_SEARCH_PATHS = "$(inherited) @executable_path/Frameworks";
				PRODUCT_BUNDLE_IDENTIFIER = com.koudai.scrollView;
				PRODUCT_NAME = "$(TARGET_NAME)";
			};
			name = Release;
		};
/* End XCBuildConfiguration section */

/* Begin XCConfigurationList section */
		A27AAA9F1C28F97E00A9CD81 /* Build configuration list for PBXProject "scrollView" */ = {
			isa = XCConfigurationList;
			buildConfigurations = (
				A27AAAB91C28F97E00A9CD81 /* Debug */,
				A27AAABA1C28F97E00A9CD81 /* Release */,
			);
			defaultConfigurationIsVisible = 0;
			defaultConfigurationName = Release;
		};
		A27AAABB1C28F97E00A9CD81 /* Build configuration list for PBXNativeTarget "scrollView" */ = {
			isa = XCConfigurationList;
			buildConfigurations = (
				A27AAABC1C28F97E00A9CD81 /* Debug */,
				A27AAABD1C28F97E00A9CD81 /* Release */,
			);
			defaultConfigurationIsVisible = 0;
			defaultConfigurationName = Release;
		};
/* End XCConfigurationList section */
	};
	rootObject = A27AAA9C1C28F97E00A9CD81 /* Project object */;
}
